
Microsoft Visual Studio Solution File, Format Version 12.00
# Visual Studio Version 17
VisualStudioVersion = 17.9.34622.214
MinimumVisualStudioVersion = 10.0.40219.1
Project("{FAE04EC0-301F-11D3-BF4B-00C04F79EFBC}") = "UTAD.ToDoList.WPF", "UTAD.ToDoList.WPF\UTAD.ToDoList.WPF.csproj", "{514C3F33-25AD-4F11-B1F7-810AAA90A693}"
EndProject
Project("{2150E333-8FDC-42A3-9474-1A3956D46DE8}") = ".Solution Items", ".Solution Items", "{900BEBE0-A494-4F58-B208-4CBF2CDD3085}"
	ProjectSection(SolutionItems) = preProject
		..\fsaefae.docx = ..\fsaefae.docx
	EndProjectSection
EndProject
Global
	GlobalSection(SolutionConfigurationPlatforms) = preSolution
		Debug|Any CPU = Debug|Any CPU
		Release|Any CPU = Release|Any CPU
	EndGlobalSection
	GlobalSection(ProjectConfigurationPlatforms) = postSolution
		{514C3F33-25AD-4F11-B1F7-810AAA90A693}.Debug|Any CPU.ActiveCfg = Debug|Any CPU
		{514C3F33-25AD-4F11-B1F7-810AAA90A693}.Debug|Any CPU.Build.0 = Debug|Any CPU
		{514C3F33-25AD-4F11-B1F7-810AAA90A693}.Release|Any CPU.ActiveCfg = Release|Any CPU
		{514C3F33-25AD-4F11-B1F7-810AAA90A693}.Release|Any CPU.Build.0 = Release|Any CPU
	EndGlobalSection
	GlobalSection(SolutionProperties) = preSolution
		HideSolutionNode = FALSE
	EndGlobalSection
	GlobalSection(ExtensibilityGlobals) = postSolution
		SolutionGuid = {EB516B5A-DDDB-4E46-A6D8-530B6460BFC5}
	EndGlobalSection
EndGlobal
